// !$*UTF8*$!
{
	archiveVersion = 1;
	classes = {
	};
	objectVersion = 55;
	objects = {

/* Begin PBXBuildFile section */
		3B2C32D62B48681200493404 /* DataPersistenceManager.swift in Sources */ = {isa = PBXBuildFile; fileRef = 3B2C32D52B48681200493404 /* DataPersistenceManager.swift */; };
		3B2C32D82B48688400493404 /* YoutubeSearchResponse.swift in Sources */ = {isa = PBXBuildFile; fileRef = 3B2C32D72B48688400493404 /* YoutubeSearchResponse.swift */; };
		3B2C32DB2B48690500493404 /* NetflixCloneModel.xcdatamodeld in Sources */ = {isa = PBXBuildFile; fileRef = 3B2C32D92B48690500493404 /* NetflixCloneModel.xcdatamodeld */; };
		3B519C7F2B48165F005F4FA6 /* APICaller.swift in Sources */ = {isa = PBXBuildFile; fileRef = 3B519C7E2B48165F005F4FA6 /* APICaller.swift */; };
		3B519C832B481DD7005F4FA6 /* Extensions.swift in Sources */ = {isa = PBXBuildFile; fileRef = 3B519C822B481DD7005F4FA6 /* Extensions.swift */; };
		3B519C872B48255E005F4FA6 /* Title.swift in Sources */ = {isa = PBXBuildFile; fileRef = 3B519C862B48255E005F4FA6 /* Title.swift */; };
		3B519C892B48263A005F4FA6 /* TitleCollectionViewCell.swift in Sources */ = {isa = PBXBuildFile; fileRef = 3B519C882B48263A005F4FA6 /* TitleCollectionViewCell.swift */; };
		3B519C8C2B4827B7005F4FA6 /* SDWebImage in Frameworks */ = {isa = PBXBuildFile; productRef = 3B519C8B2B4827B7005F4FA6 /* SDWebImage */; };
		3B519C8E2B4827B7005F4FA6 /* SDWebImageMapKit in Frameworks */ = {isa = PBXBuildFile; productRef = 3B519C8D2B4827B7005F4FA6 /* SDWebImageMapKit */; };
		3B519C902B482D7A005F4FA6 /* TitleTableViewCell.swift in Sources */ = {isa = PBXBuildFile; fileRef = 3B519C8F2B482D7A005F4FA6 /* TitleTableViewCell.swift */; };
		3B519C922B482DA4005F4FA6 /* TitleViewModel.swift in Sources */ = {isa = PBXBuildFile; fileRef = 3B519C912B482DA4005F4FA6 /* TitleViewModel.swift */; };
		3B519C942B482E57005F4FA6 /* TitlePreviewViewModel.swift in Sources */ = {isa = PBXBuildFile; fileRef = 3B519C932B482E57005F4FA6 /* TitlePreviewViewModel.swift */; };
		3B519C962B482FBC005F4FA6 /* TitlePreviewViewController.swift in Sources */ = {isa = PBXBuildFile; fileRef = 3B519C952B482FBB005F4FA6 /* TitlePreviewViewController.swift */; };
		3B519C982B483372005F4FA6 /* SearchResultsViewController.swift in Sources */ = {isa = PBXBuildFile; fileRef = 3B519C972B483372005F4FA6 /* SearchResultsViewController.swift */; };
		3B96425B288D161900B502B9 /* AppDelegate.swift in Sources */ = {isa = PBXBuildFile; fileRef = 3B96425A288D161900B502B9 /* AppDelegate.swift */; };
		3B96425D288D161900B502B9 /* SceneDelegate.swift in Sources */ = {isa = PBXBuildFile; fileRef = 3B96425C288D161900B502B9 /* SceneDelegate.swift */; };
		3B96425F288D161900B502B9 /* MainTabBarViewController.swift in Sources */ = {isa = PBXBuildFile; fileRef = 3B96425E288D161900B502B9 /* MainTabBarViewController.swift */; };
		3B964264288D162000B502B9 /* Assets.xcassets in Resources */ = {isa = PBXBuildFile; fileRef = 3B964263288D162000B502B9 /* Assets.xcassets */; };
		3B964267288D162000B502B9 /* LaunchScreen.storyboard in Resources */ = {isa = PBXBuildFile; fileRef = 3B964265288D162000B502B9 /* LaunchScreen.storyboard */; };
		3B964270288EE73500B502B9 /* HomeViewController.swift in Sources */ = {isa = PBXBuildFile; fileRef = 3B96426F288EE73500B502B9 /* HomeViewController.swift */; };
		3B964272288EE79300B502B9 /* UpcomingViewController.swift in Sources */ = {isa = PBXBuildFile; fileRef = 3B964271288EE79300B502B9 /* UpcomingViewController.swift */; };
		3B964274288EE7FE00B502B9 /* SearchViewController.swift in Sources */ = {isa = PBXBuildFile; fileRef = 3B964273288EE7FE00B502B9 /* SearchViewController.swift */; };
		3B964276288EE81F00B502B9 /* DownloadsViewController.swift in Sources */ = {isa = PBXBuildFile; fileRef = 3B964275288EE81F00B502B9 /* DownloadsViewController.swift */; };
		3B96427D288F007100B502B9 /* CollectionViewTableViewCell.swift in Sources */ = {isa = PBXBuildFile; fileRef = 3B96427C288F007100B502B9 /* CollectionViewTableViewCell.swift */; };
		3B96427F28902BB900B502B9 /* HeroHeaderUIView.swift in Sources */ = {isa = PBXBuildFile; fileRef = 3B96427E28902BB900B502B9 /* HeroHeaderUIView.swift */; };
/* End PBXBuildFile section */

/* Begin PBXFileReference section */
		3B2C32D52B48681200493404 /* DataPersistenceManager.swift */ = {isa = PBXFileReference; lastKnownFileType = sourcecode.swift; path = DataPersistenceManager.swift; sourceTree = "<group>"; };
		3B2C32D72B48688400493404 /* YoutubeSearchResponse.swift */ = {isa = PBXFileReference; lastKnownFileType = sourcecode.swift; path = YoutubeSearchResponse.swift; sourceTree = "<group>"; };
		3B2C32DA2B48690500493404 /* NetflixCloneModel.xcdatamodel */ = {isa = PBXFileReference; lastKnownFileType = wrapper.xcdatamodel; path = NetflixCloneModel.xcdatamodel; sourceTree = "<group>"; };
		3B519C7E2B48165F005F4FA6 /* APICaller.swift */ = {isa = PBXFileReference; lastKnownFileType = sourcecode.swift; path = APICaller.swift; sourceTree = "<group>"; };
		3B519C822B481DD7005F4FA6 /* Extensions.swift */ = {isa = PBXFileReference; lastKnownFileType = sourcecode.swift; path = Extensions.swift; sourceTree = "<group>"; };
		3B519C862B48255E005F4FA6 /* Title.swift */ = {isa = PBXFileReference; lastKnownFileType = sourcecode.swift; path = Title.swift; sourceTree = "<group>"; };
		3B519C882B48263A005F4FA6 /* TitleCollectionViewCell.swift */ = {isa = PBXFileReference; lastKnownFileType = sourcecode.swift; path = TitleCollectionViewCell.swift; sourceTree = "<group>"; };
		3B519C8F2B482D7A005F4FA6 /* TitleTableViewCell.swift */ = {isa = PBXFileReference; lastKnownFileType = sourcecode.swift; path = TitleTableViewCell.swift; sourceTree = "<group>"; };
		3B519C912B482DA4005F4FA6 /* TitleViewModel.swift */ = {isa = PBXFileReference; lastKnownFileType = sourcecode.swift; path = TitleViewModel.swift; sourceTree = "<group>"; };
		3B519C932B482E57005F4FA6 /* TitlePreviewViewModel.swift */ = {isa = PBXFileReference; lastKnownFileType = sourcecode.swift; path = TitlePreviewViewModel.swift; sourceTree = "<group>"; };
		3B519C952B482FBB005F4FA6 /* TitlePreviewViewController.swift */ = {isa = PBXFileReference; lastKnownFileType = sourcecode.swift; path = TitlePreviewViewController.swift; sourceTree = "<group>"; };
		3B519C972B483372005F4FA6 /* SearchResultsViewController.swift */ = {isa = PBXFileReference; lastKnownFileType = sourcecode.swift; path = SearchResultsViewController.swift; sourceTree = "<group>"; };
		3B964257288D161900B502B9 /* Netflix Clone.app */ = {isa = PBXFileReference; explicitFileType = wrapper.application; includeInIndex = 0; path = "Netflix Clone.app"; sourceTree = BUILT_PRODUCTS_DIR; };
		3B96425A288D161900B502B9 /* AppDelegate.swift */ = {isa = PBXFileReference; lastKnownFileType = sourcecode.swift; path = AppDelegate.swift; sourceTree = "<group>"; };
		3B96425C288D161900B502B9 /* SceneDelegate.swift */ = {isa = PBXFileReference; lastKnownFileType = sourcecode.swift; path = SceneDelegate.swift; sourceTree = "<group>"; };
		3B96425E288D161900B502B9 /* MainTabBarViewController.swift */ = {isa = PBXFileReference; lastKnownFileType = sourcecode.swift; path = MainTabBarViewController.swift; sourceTree = "<group>"; };
		3B964263288D162000B502B9 /* Assets.xcassets */ = {isa = PBXFileReference; lastKnownFileType = folder.assetcatalog; path = Assets.xcassets; sourceTree = "<group>"; };
		3B964266288D162000B502B9 /* Base */ = {isa = PBXFileReference; lastKnownFileType = file.storyboard; name = Base; path = Base.lproj/LaunchScreen.storyboard; sourceTree = "<group>"; };
		3B964268288D162000B502B9 /* Info.plist */ = {isa = PBXFileReference; lastKnownFileType = text.plist.xml; path = Info.plist; sourceTree = "<group>"; };
		3B96426F288EE73500B502B9 /* HomeViewController.swift */ = {isa = PBXFileReference; lastKnownFileType = sourcecode.swift; path = HomeViewController.swift; sourceTree = "<group>"; };
		3B964271288EE79300B502B9 /* UpcomingViewController.swift */ = {isa = PBXFileReference; lastKnownFileType = sourcecode.swift; path = UpcomingViewController.swift; sourceTree = "<group>"; };
		3B964273288EE7FE00B502B9 /* SearchViewController.swift */ = {isa = PBXFileReference; lastKnownFileType = sourcecode.swift; path = SearchViewController.swift; sourceTree = "<group>"; };
		3B964275288EE81F00B502B9 /* DownloadsViewController.swift */ = {isa = PBXFileReference; lastKnownFileType = sourcecode.swift; path = DownloadsViewController.swift; sourceTree = "<group>"; };
		3B96427C288F007100B502B9 /* CollectionViewTableViewCell.swift */ = {isa = PBXFileReference; lastKnownFileType = sourcecode.swift; path = CollectionViewTableViewCell.swift; sourceTree = "<group>"; };
		3B96427E28902BB900B502B9 /* HeroHeaderUIView.swift */ = {isa = PBXFileReference; lastKnownFileType = sourcecode.swift; path = HeroHeaderUIView.swift; sourceTree = "<group>"; };
/* End PBXFileReference section */

/* Begin PBXFrameworksBuildPhase section */
		3B964254288D161900B502B9 /* Frameworks */ = {
			isa = PBXFrameworksBuildPhase;
			buildActionMask = 2147483647;
			files = (
				3B519C8E2B4827B7005F4FA6 /* SDWebImageMapKit in Frameworks */,
				3B519C8C2B4827B7005F4FA6 /* SDWebImage in Frameworks */,
			);
			runOnlyForDeploymentPostprocessing = 0;
		};
/* End PBXFrameworksBuildPhase section */

/* Begin PBXGroup section */
		3B519C992B483405005F4FA6 /* Core */ = {
			isa = PBXGroup;
			children = (
				3B96426F288EE73500B502B9 /* HomeViewController.swift */,
				3B964271288EE79300B502B9 /* UpcomingViewController.swift */,
				3B964273288EE7FE00B502B9 /* SearchViewController.swift */,
				3B964275288EE81F00B502B9 /* DownloadsViewController.swift */,
			);
			path = Core;
			sourceTree = "<group>";
		};
		3B519C9A2B48340A005F4FA6 /* General */ = {
			isa = PBXGroup;
			children = (
				3B519C952B482FBB005F4FA6 /* TitlePreviewViewController.swift */,
				3B519C972B483372005F4FA6 /* SearchResultsViewController.swift */,
			);
			path = General;
			sourceTree = "<group>";
		};
		3B96424E288D161900B502B9 = {
			isa = PBXGroup;
			children = (
				3B964259288D161900B502B9 /* Netflix Clone */,
				3B964258288D161900B502B9 /* Products */,
			);
			sourceTree = "<group>";
		};
		3B964258288D161900B502B9 /* Products */ = {
			isa = PBXGroup;
			children = (
				3B964257288D161900B502B9 /* Netflix Clone.app */,
			);
			name = Products;
			sourceTree = "<group>";
		};
		3B964259288D161900B502B9 /* Netflix Clone */ = {
			isa = PBXGroup;
			children = (
				3B96427B288F003300B502B9 /* Manager */,
				3B96427A288F002C00B502B9 /* Resources */,
				3B964278288EFFC300B502B9 /* Model */,
				3B964277288EFFBD00B502B9 /* View */,
				3B964279288EFFC800B502B9 /* ViewModel */,
				3B96426E288EE70400B502B9 /* Controller */,
				3B96425A288D161900B502B9 /* AppDelegate.swift */,
				3B96425C288D161900B502B9 /* SceneDelegate.swift */,
				3B96425E288D161900B502B9 /* MainTabBarViewController.swift */,
				3B2C32D92B48690500493404 /* NetflixCloneModel.xcdatamodeld */,
				3B964263288D162000B502B9 /* Assets.xcassets */,
				3B964265288D162000B502B9 /* LaunchScreen.storyboard */,
				3B964268288D162000B502B9 /* Info.plist */,
			);
			path = "Netflix Clone";
			sourceTree = "<group>";
		};
		3B96426E288EE70400B502B9 /* Controller */ = {
			isa = PBXGroup;
			children = (
				3B519C992B483405005F4FA6 /* Core */,
				3B519C9A2B48340A005F4FA6 /* General */,
			);
			path = Controller;
			sourceTree = "<group>";
		};
		3B964277288EFFBD00B502B9 /* View */ = {
			isa = PBXGroup;
			children = (
				3B96427C288F007100B502B9 /* CollectionViewTableViewCell.swift */,
				3B519C8F2B482D7A005F4FA6 /* TitleTableViewCell.swift */,
				3B96427E28902BB900B502B9 /* HeroHeaderUIView.swift */,
				3B519C882B48263A005F4FA6 /* TitleCollectionViewCell.swift */,
			);
			path = View;
			sourceTree = "<group>";
		};
		3B964278288EFFC300B502B9 /* Model */ = {
			isa = PBXGroup;
			children = (
				3B519C862B48255E005F4FA6 /* Title.swift */,
				3B2C32D72B48688400493404 /* YoutubeSearchResponse.swift */,
			);
			path = Model;
			sourceTree = "<group>";
		};
		3B964279288EFFC800B502B9 /* ViewModel */ = {
			isa = PBXGroup;
			children = (
				3B519C912B482DA4005F4FA6 /* TitleViewModel.swift */,
				3B519C932B482E57005F4FA6 /* TitlePreviewViewModel.swift */,
			);
			path = ViewModel;
			sourceTree = "<group>";
		};
		3B96427A288F002C00B502B9 /* Resources */ = {
			isa = PBXGroup;
			children = (
				3B519C822B481DD7005F4FA6 /* Extensions.swift */,
			);
			path = Resources;
			sourceTree = "<group>";
		};
		3B96427B288F003300B502B9 /* Manager */ = {
			isa = PBXGroup;
			children = (
				3B519C7E2B48165F005F4FA6 /* APICaller.swift */,
				3B2C32D52B48681200493404 /* DataPersistenceManager.swift */,
			);
			path = Manager;
			sourceTree = "<group>";
		};
/* End PBXGroup section */

/* Begin PBXNativeTarget section */
		3B964256288D161900B502B9 /* Netflix Clone */ = {
			isa = PBXNativeTarget;
			buildConfigurationList = 3B96426B288D162000B502B9 /* Build configuration list for PBXNativeTarget "Netflix Clone" */;
			buildPhases = (
				3B964253288D161900B502B9 /* Sources */,
				3B964254288D161900B502B9 /* Frameworks */,
				3B964255288D161900B502B9 /* Resources */,
				3B6B8E052B496DC800593B50 /* SwiftLint */,
			);
			buildRules = (
			);
			dependencies = (
			);
			name = "Netflix Clone";
			packageProductDependencies = (
				3B519C8B2B4827B7005F4FA6 /* SDWebImage */,
				3B519C8D2B4827B7005F4FA6 /* SDWebImageMapKit */,
			);
			productName = "Netflix Clone";
			productReference = 3B964257288D161900B502B9 /* Netflix Clone.app */;
			productType = "com.apple.product-type.application";
		};
/* End PBXNativeTarget section */

/* Begin PBXProject section */
		3B96424F288D161900B502B9 /* Project object */ = {
			isa = PBXProject;
			attributes = {
				BuildIndependentTargetsInParallel = 1;
				LastSwiftUpdateCheck = 1340;
				LastUpgradeCheck = 1500;
				TargetAttributes = {
					3B964256288D161900B502B9 = {
						CreatedOnToolsVersion = 13.4.1;
					};
				};
			};
			buildConfigurationList = 3B964252288D161900B502B9 /* Build configuration list for PBXProject "Netflix Clone" */;
			compatibilityVersion = "Xcode 13.0";
			developmentRegion = en;
			hasScannedForEncodings = 0;
			knownRegions = (
				en,
				Base,
			);
			mainGroup = 3B96424E288D161900B502B9;
			packageReferences = (
				3B519C8A2B4827B7005F4FA6 /* XCRemoteSwiftPackageReference "SDWebImage" */,
			);
			productRefGroup = 3B964258288D161900B502B9 /* Products */;
			projectDirPath = "";
			projectRoot = "";
			targets = (
				3B964256288D161900B502B9 /* Netflix Clone */,
			);
		};
/* End PBXProject section */

/* Begin PBXResourcesBuildPhase section */
		3B964255288D161900B502B9 /* Resources */ = {
			isa = PBXResourcesBuildPhase;
			buildActionMask = 2147483647;
			files = (
				3B964267288D162000B502B9 /* LaunchScreen.storyboard in Resources */,
				3B964264288D162000B502B9 /* Assets.xcassets in Resources */,
			);
			runOnlyForDeploymentPostprocessing = 0;
		};
/* End PBXResourcesBuildPhase section */

/* Begin PBXShellScriptBuildPhase section */
		3B6B8E052B496DC800593B50 /* SwiftLint */ = {
			isa = PBXShellScriptBuildPhase;
			alwaysOutOfDate = 1;
			buildActionMask = 2147483647;
			files = (
			);
			inputFileListPaths = (
			);
			inputPaths = (
			);
			name = SwiftLint;
			outputFileListPaths = (
			);
			outputPaths = (
			);
			runOnlyForDeploymentPostprocessing = 0;
			shellPath = /bin/sh;
			shellScript = "if [[ \"$(uname -m)\" == arm64 ]]; then\n    export PATH=\"/opt/homebrew/bin:$PATH\"\nfi\n\nif which swiftlint > /dev/null; then\n  swiftlint\nelse\n  echo \"warning: SwiftLint not installed\"\nfi\n";
		};
/* End PBXShellScriptBuildPhase section */

/* Begin PBXSourcesBuildPhase section */
		3B964253288D161900B502B9 /* Sources */ = {
			isa = PBXSourcesBuildPhase;
			buildActionMask = 2147483647;
			files = (
				3B519C902B482D7A005F4FA6 /* TitleTableViewCell.swift in Sources */,
				3B2C32D62B48681200493404 /* DataPersistenceManager.swift in Sources */,
				3B964274288EE7FE00B502B9 /* SearchViewController.swift in Sources */,
				3B519C962B482FBC005F4FA6 /* TitlePreviewViewController.swift in Sources */,
				3B519C892B48263A005F4FA6 /* TitleCollectionViewCell.swift in Sources */,
				3B519C872B48255E005F4FA6 /* Title.swift in Sources */,
				3B96425F288D161900B502B9 /* MainTabBarViewController.swift in Sources */,
				3B96427D288F007100B502B9 /* CollectionViewTableViewCell.swift in Sources */,
				3B2C32D82B48688400493404 /* YoutubeSearchResponse.swift in Sources */,
				3B519C982B483372005F4FA6 /* SearchResultsViewController.swift in Sources */,
				3B519C942B482E57005F4FA6 /* TitlePreviewViewModel.swift in Sources */,
				3B519C7F2B48165F005F4FA6 /* APICaller.swift in Sources */,
				3B96427F28902BB900B502B9 /* HeroHeaderUIView.swift in Sources */,
				3B964276288EE81F00B502B9 /* DownloadsViewController.swift in Sources */,
				3B96425B288D161900B502B9 /* AppDelegate.swift in Sources */,
				3B2C32DB2B48690500493404 /* NetflixCloneModel.xcdatamodeld in Sources */,
				3B519C832B481DD7005F4FA6 /* Extensions.swift in Sources */,
				3B96425D288D161900B502B9 /* SceneDelegate.swift in Sources */,
				3B964272288EE79300B502B9 /* UpcomingViewController.swift in Sources */,
				3B964270288EE73500B502B9 /* HomeViewController.swift in Sources */,
				3B519C922B482DA4005F4FA6 /* TitleViewModel.swift in Sources */,
			);
			runOnlyForDeploymentPostprocessing = 0;
		};
/* End PBXSourcesBuildPhase section */

/* Begin PBXVariantGroup section */
		3B964265288D162000B502B9 /* LaunchScreen.storyboard */ = {
			isa = PBXVariantGroup;
			children = (
				3B964266288D162000B502B9 /* Base */,
			);
			name = LaunchScreen.storyboard;
			sourceTree = "<group>";
		};
/* End PBXVariantGroup section */

/* Begin XCBuildConfiguration section */
		3B964269288D162000B502B9 /* Debug */ = {
			isa = XCBuildConfiguration;
			buildSettings = {
				ALWAYS_SEARCH_USER_PATHS = NO;
				CLANG_ANALYZER_NONNULL = YES;
				CLANG_ANALYZER_NUMBER_OBJECT_CONVERSION = YES_AGGRESSIVE;
				CLANG_CXX_LANGUAGE_STANDARD = "gnu++17";
				CLANG_ENABLE_MODULES = YES;
				CLANG_ENABLE_OBJC_ARC = YES;
				CLANG_ENABLE_OBJC_WEAK = YES;
				CLANG_WARN_BLOCK_CAPTURE_AUTORELEASING = YES;
				CLANG_WARN_BOOL_CONVERSION = YES;
				CLANG_WARN_COMMA = YES;
				CLANG_WARN_CONSTANT_CONVERSION = YES;
				CLANG_WARN_DEPRECATED_OBJC_IMPLEMENTATIONS = YES;
				CLANG_WARN_DIRECT_OBJC_ISA_USAGE = YES_ERROR;
				CLANG_WARN_DOCUMENTATION_COMMENTS = YES;
				CLANG_WARN_EMPTY_BODY = YES;
				CLANG_WARN_ENUM_CONVERSION = YES;
				CLANG_WARN_INFINITE_RECURSION = YES;
				CLANG_WARN_INT_CONVERSION = YES;
				CLANG_WARN_NON_LITERAL_NULL_CONVERSION = YES;
				CLANG_WARN_OBJC_IMPLICIT_RETAIN_SELF = YES;
				CLANG_WARN_OBJC_LITERAL_CONVERSION = YES;
				CLANG_WARN_OBJC_ROOT_CLASS = YES_ERROR;
				CLANG_WARN_QUOTED_INCLUDE_IN_FRAMEWORK_HEADER = YES;
				CLANG_WARN_RANGE_LOOP_ANALYSIS = YES;
				CLANG_WARN_STRICT_PROTOTYPES = YES;
				CLANG_WARN_SUSPICIOUS_MOVE = YES;
				CLANG_WARN_UNGUARDED_AVAILABILITY = YES_AGGRESSIVE;
				CLANG_WARN_UNREACHABLE_CODE = YES;
				CLANG_WARN__DUPLICATE_METHOD_MATCH = YES;
				COPY_PHASE_STRIP = NO;
				DEBUG_INFORMATION_FORMAT = dwarf;
				ENABLE_STRICT_OBJC_MSGSEND = YES;
				ENABLE_TESTABILITY = YES;
				GCC_C_LANGUAGE_STANDARD = gnu11;
				GCC_DYNAMIC_NO_PIC = NO;
				GCC_NO_COMMON_BLOCKS = YES;
				GCC_OPTIMIZATION_LEVEL = 0;
				GCC_PREPROCESSOR_DEFINITIONS = (
					"DEBUG=1",
					"$(inherited)",
				);
				GCC_WARN_64_TO_32_BIT_CONVERSION = YES;
				GCC_WARN_ABOUT_RETURN_TYPE = YES_ERROR;
				GCC_WARN_UNDECLARED_SELECTOR = YES;
				GCC_WARN_UNINITIALIZED_AUTOS = YES_AGGRESSIVE;
				GCC_WARN_UNUSED_FUNCTION = YES;
				GCC_WARN_UNUSED_VARIABLE = YES;
				IPHONEOS_DEPLOYMENT_TARGET = 15.5;
				MTL_ENABLE_DEBUG_INFO = INCLUDE_SOURCE;
				MTL_FAST_MATH = YES;
				ONLY_ACTIVE_ARCH = YES;
				SDKROOT = iphoneos;
				SWIFT_ACTIVE_COMPILATION_CONDITIONS = DEBUG;
				SWIFT_OPTIMIZATION_LEVEL = "-Onone";
			};
			name = Debug;
		};
		3B96426A288D162000B502B9 /* Release */ = {
			isa = XCBuildConfiguration;
			buildSettings = {
				ALWAYS_SEARCH_USER_PATHS = NO;
				CLANG_ANALYZER_NONNULL = YES;
				CLANG_ANALYZER_NUMBER_OBJECT_CONVERSION = YES_AGGRESSIVE;
				CLANG_CXX_LANGUAGE_STANDARD = "gnu++17";
				CLANG_ENABLE_MODULES = YES;
				CLANG_ENABLE_OBJC_ARC = YES;
				CLANG_ENABLE_OBJC_WEAK = YES;
				CLANG_WARN_BLOCK_CAPTURE_AUTORELEASING = YES;
				CLANG_WARN_BOOL_CONVERSION = YES;
				CLANG_WARN_COMMA = YES;
				CLANG_WARN_CONSTANT_CONVERSION = YES;
				CLANG_WARN_DEPRECATED_OBJC_IMPLEMENTATIONS = YES;
				CLANG_WARN_DIRECT_OBJC_ISA_USAGE = YES_ERROR;
				CLANG_WARN_DOCUMENTATION_COMMENTS = YES;
				CLANG_WARN_EMPTY_BODY = YES;
				CLANG_WARN_ENUM_CONVERSION = YES;
				CLANG_WARN_INFINITE_RECURSION = YES;
				CLANG_WARN_INT_CONVERSION = YES;
				CLANG_WARN_NON_LITERAL_NULL_CONVERSION = YES;
				CLANG_WARN_OBJC_IMPLICIT_RETAIN_SELF = YES;
				CLANG_WARN_OBJC_LITERAL_CONVERSION = YES;
				CLANG_WARN_OBJC_ROOT_CLASS = YES_ERROR;
				CLANG_WARN_QUOTED_INCLUDE_IN_FRAMEWORK_HEADER = YES;
				CLANG_WARN_RANGE_LOOP_ANALYSIS = YES;
				CLANG_WARN_STRICT_PROTOTYPES = YES;
				CLANG_WARN_SUSPICIOUS_MOVE = YES;
				CLANG_WARN_UNGUARDED_AVAILABILITY = YES_AGGRESSIVE;
				CLANG_WARN_UNREACHABLE_CODE = YES;
				CLANG_WARN__DUPLICATE_METHOD_MATCH = YES;
				COPY_PHASE_STRIP = NO;
				DEBUG_INFORMATION_FORMAT = "dwarf-with-dsym";
				ENABLE_NS_ASSERTIONS = NO;
				ENABLE_STRICT_OBJC_MSGSEND = YES;
				GCC_C_LANGUAGE_STANDARD = gnu11;
				GCC_NO_COMMON_BLOCKS = YES;
				GCC_WARN_64_TO_32_BIT_CONVERSION = YES;
				GCC_WARN_ABOUT_RETURN_TYPE = YES_ERROR;
				GCC_WARN_UNDECLARED_SELECTOR = YES;
				GCC_WARN_UNINITIALIZED_AUTOS = YES_AGGRESSIVE;
				GCC_WARN_UNUSED_FUNCTION = YES;
				GCC_WARN_UNUSED_VARIABLE = YES;
				IPHONEOS_DEPLOYMENT_TARGET = 15.5;
				MTL_ENABLE_DEBUG_INFO = NO;
				MTL_FAST_MATH = YES;
				SDKROOT = iphoneos;
				SWIFT_COMPILATION_MODE = wholemodule;
				SWIFT_OPTIMIZATION_LEVEL = "-O";
				VALIDATE_PRODUCT = YES;
			};
			name = Release;
		};
		3B96426C288D162000B502B9 /* Debug */ = {
			isa = XCBuildConfiguration;
			buildSettings = {
				ASSETCATALOG_COMPILER_APPICON_NAME = AppIcon;
				ASSETCATALOG_COMPILER_GLOBAL_ACCENT_COLOR_NAME = AccentColor;
				CODE_SIGN_STYLE = Automatic;
				CURRENT_PROJECT_VERSION = 1;
				DEVELOPMENT_TEAM = 372C6ZRL6X;
				GENERATE_INFOPLIST_FILE = YES;
				INFOPLIST_FILE = "Netflix Clone/Info.plist";
				INFOPLIST_KEY_UIApplicationSupportsIndirectInputEvents = YES;
				INFOPLIST_KEY_UILaunchStoryboardName = LaunchScreen;
				INFOPLIST_KEY_UISupportedInterfaceOrientations_iPad = "UIInterfaceOrientationPortrait UIInterfaceOrientationPortraitUpsideDown UIInterfaceOrientationLandscapeLeft UIInterfaceOrientationLandscapeRight";
				INFOPLIST_KEY_UISupportedInterfaceOrientations_iPhone = "UIInterfaceOrientationPortrait UIInterfaceOrientationLandscapeLeft UIInterfaceOrientationLandscapeRight";
				LD_RUNPATH_SEARCH_PATHS = (
					"$(inherited)",
					"@executable_path/Frameworks",
				);
				MARKETING_VERSION = 1.0;
				PRODUCT_BUNDLE_IDENTIFIER = "com.abhinaypratap.Netflix-Clone";
				PRODUCT_NAME = "$(TARGET_NAME)";
				SWIFT_EMIT_LOC_STRINGS = YES;
				SWIFT_VERSION = 5.0;
				TARGETED_DEVICE_FAMILY = 1;
			};
			name = Debug;
		};
		3B96426D288D162000B502B9 /* Release */ = {
			isa = XCBuildConfiguration;
			buildSettings = {
				ASSETCATALOG_COMPILER_APPICON_NAME = AppIcon;
				ASSETCATALOG_COMPILER_GLOBAL_ACCENT_COLOR_NAME = AccentColor;
				CODE_SIGN_STYLE = Automatic;
				CURRENT_PROJECT_VERSION = 1;
				DEVELOPMENT_TEAM = 372C6ZRL6X;
				GENERATE_INFOPLIST_FILE = YES;
				INFOPLIST_FILE = "Netflix Clone/Info.plist";
				INFOPLIST_KEY_UIApplicationSupportsIndirectInputEvents = YES;
				INFOPLIST_KEY_UILaunchStoryboardName = LaunchScreen;
				INFOPLIST_KEY_UISupportedInterfaceOrientations_iPad = "UIInterfaceOrientationPortrait UIInterfaceOrientationPortraitUpsideDown UIInterfaceOrientationLandscapeLeft UIInterfaceOrientationLandscapeRight";
				INFOPLIST_KEY_UISupportedInterfaceOrientations_iPhone = "UIInterfaceOrientationPortrait UIInterfaceOrientationLandscapeLeft UIInterfaceOrientationLandscapeRight";
				LD_RUNPATH_SEARCH_PATHS = (
					"$(inherited)",
					"@executable_path/Frameworks",
				);
				MARKETING_VERSION = 1.0;
				PRODUCT_BUNDLE_IDENTIFIER = "com.abhinaypratap.Netflix-Clone";
				PRODUCT_NAME = "$(TARGET_NAME)";
				SWIFT_EMIT_LOC_STRINGS = YES;
				SWIFT_VERSION = 5.0;
				TARGETED_DEVICE_FAMILY = 1;
			};
			name = Release;
		};
/* End XCBuildConfiguration section */

/* Begin XCConfigurationList section */
		3B964252288D161900B502B9 /* Build configuration list for PBXProject "Netflix Clone" */ = {
			isa = XCConfigurationList;
			buildConfigurations = (
				3B964269288D162000B502B9 /* Debug */,
				3B96426A288D162000B502B9 /* Release */,
			);
			defaultConfigurationIsVisible = 0;
			defaultConfigurationName = Release;
		};
		3B96426B288D162000B502B9 /* Build configuration list for PBXNativeTarget "Netflix Clone" */ = {
			isa = XCConfigurationList;
			buildConfigurations = (
				3B96426C288D162000B502B9 /* Debug */,
				3B96426D288D162000B502B9 /* Release */,
			);
			defaultConfigurationIsVisible = 0;
			defaultConfigurationName = Release;
		};
/* End XCConfigurationList section */

/* Begin XCRemoteSwiftPackageReference section */
		3B519C8A2B4827B7005F4FA6 /* XCRemoteSwiftPackageReference "SDWebImage" */ = {
			isa = XCRemoteSwiftPackageReference;
			repositoryURL = "https://github.com/SDWebImage/SDWebImage.git";
			requirement = {
				kind = upToNextMajorVersion;
				minimumVersion = 5.18.8;
			};
		};
/* End XCRemoteSwiftPackageReference section */

/* Begin XCSwiftPackageProductDependency section */
		3B519C8B2B4827B7005F4FA6 /* SDWebImage */ = {
			isa = XCSwiftPackageProductDependency;
			package = 3B519C8A2B4827B7005F4FA6 /* XCRemoteSwiftPackageReference "SDWebImage" */;
			productName = SDWebImage;
		};
		3B519C8D2B4827B7005F4FA6 /* SDWebImageMapKit */ = {
			isa = XCSwiftPackageProductDependency;
			package = 3B519C8A2B4827B7005F4FA6 /* XCRemoteSwiftPackageReference "SDWebImage" */;
			productName = SDWebImageMapKit;
		};
/* End XCSwiftPackageProductDependency section */

/* Begin XCVersionGroup section */
		3B2C32D92B48690500493404 /* NetflixCloneModel.xcdatamodeld */ = {
			isa = XCVersionGroup;
			children = (
				3B2C32DA2B48690500493404 /* NetflixCloneModel.xcdatamodel */,
			);
			currentVersion = 3B2C32DA2B48690500493404 /* NetflixCloneModel.xcdatamodel */;
			path = NetflixCloneModel.xcdatamodeld;
			sourceTree = "<group>";
			versionGroupType = wrapper.xcdatamodel;
		};
/* End XCVersionGroup section */
	};
	rootObject = 3B96424F288D161900B502B9 /* Project object */;
}
